
Microsoft Visual Studio Solution File, Format Version 12.00
# Visual Studio 15
Project("{FAE04EC0-301F-11D3-BF4B-00C04F79EFBC}") = "Oculus.Interaction.Editor", "Oculus.Interaction.Editor.csproj", "{75BF94CC-A8CF-1BB5-C27D-A4C25506C3C0}"
EndProject
Project("{FAE04EC0-301F-11D3-BF4B-00C04F79EFBC}") = "Meta.WitAi.Conduit", "Meta.WitAi.Conduit.csproj", "{D97FC418-1A64-1299-2B29-DE6BD13350F3}"
EndProject
Project("{FAE04EC0-301F-11D3-BF4B-00C04F79EFBC}") = "Oculus.VR", "Oculus.VR.csproj", "{41335531-FC26-8469-818D-B7354200C27C}"
EndProject
Project("{FAE04EC0-301F-11D3-BF4B-00C04F79EFBC}") = "Oculus.Interaction", "Oculus.Interaction.csproj", "{5FC80317-2E75-CF48-3A22-9460385F48A8}"
EndProject
Project("{FAE04EC0-301F-11D3-BF4B-00C04F79EFBC}") = "Meta.Voice.Samples.ShapesConduit", "Meta.Voice.Samples.ShapesConduit.csproj", "{58397F09-1EF8-10DC-83EB-1296A8EE49C5}"
EndProject
Project("{FAE04EC0-301F-11D3-BF4B-00C04F79EFBC}") = "Meta.WitAi.Editor", "Meta.WitAi.Editor.csproj", "{0CE144A0-E6FA-7DD2-BEBA-678B80957DAE}"
EndProject
Project("{FAE04EC0-301F-11D3-BF4B-00C04F79EFBC}") = "Oculus.Platform", "Oculus.Platform.csproj", "{CD2FA792-0190-5135-C47D-AD40F81F303C}"
EndProject
Project("{FAE04EC0-301F-11D3-BF4B-00C04F79EFBC}") = "VoiceSDK.Telemetry", "VoiceSDK.Telemetry.csproj", "{9F98ABB7-1E03-0368-86F6-F0C83C39BC3F}"
EndProject
Project("{FAE04EC0-301F-11D3-BF4B-00C04F79EFBC}") = "Meta.WitAi.Conduit.Editor", "Meta.WitAi.Conduit.Editor.csproj", "{40CFB3CC-B161-0DDA-7A9C-930E7E6EA138}"
EndProject
Project("{FAE04EC0-301F-11D3-BF4B-00C04F79EFBC}") = "Meta.WitAi", "Meta.WitAi.csproj", "{EF3EC7D6-2741-551F-A735-9E9161C32633}"
EndProject
Project("{FAE04EC0-301F-11D3-BF4B-00C04F79EFBC}") = "Oculus.Interaction.OVR.Samples", "Oculus.Interaction.OVR.Samples.csproj", "{95D64E1E-F238-94DF-4AB3-31BA003DC86B}"
EndProject
Project("{FAE04EC0-301F-11D3-BF4B-00C04F79EFBC}") = "Assembly-CSharp", "Assembly-CSharp.csproj", "{4D61FE2F-5786-ADD0-AE63-E94DE36F10B2}"
EndProject
Project("{FAE04EC0-301F-11D3-BF4B-00C04F79EFBC}") = "Meta.WitAi.Lib", "Meta.WitAi.Lib.csproj", "{34AF5361-A7FA-BAE4-E963-7C2A666DE6DB}"
EndProject
Project("{FAE04EC0-301F-11D3-BF4B-00C04F79EFBC}") = "Oculus.VR.Editor", "Oculus.VR.Editor.csproj", "{C7BBDA78-E02F-F378-3031-8D52E46C28BA}"
EndProject
Project("{FAE04EC0-301F-11D3-BF4B-00C04F79EFBC}") = "Meta.Voice.Hub.Runtime", "Meta.Voice.Hub.Runtime.csproj", "{245D3A5E-1549-58BF-1AAE-58D5E35D1F06}"
EndProject
Project("{FAE04EC0-301F-11D3-BF4B-00C04F79EFBC}") = "Oculus.Interaction.OVR.Editor", "Oculus.Interaction.OVR.Editor.csproj", "{D25E976C-B345-0BE0-455E-49EEB66A18E1}"
EndProject
Project("{FAE04EC0-301F-11D3-BF4B-00C04F79EFBC}") = "VoiceSDK.Dictation.Runtime", "VoiceSDK.Dictation.Runtime.csproj", "{BD6D2250-01B1-6632-A90A-36F229E3EC78}"
EndProject
Project("{FAE04EC0-301F-11D3-BF4B-00C04F79EFBC}") = "Oculus.LipSync", "Oculus.LipSync.csproj", "{B090C80F-43B1-9AB5-C653-F02816C1C007}"
EndProject
Project("{FAE04EC0-301F-11D3-BF4B-00C04F79EFBC}") = "Oculus.Interaction.OVR", "Oculus.Interaction.OVR.csproj", "{E6F4502C-B0B7-0B2B-556C-D311B9AC7C2D}"
EndProject
Project("{FAE04EC0-301F-11D3-BF4B-00C04F79EFBC}") = "Meta.Voice.Hub.Editor", "Meta.Voice.Hub.Editor.csproj", "{819D8637-6F01-AF80-3B21-47FE51CDAE7F}"
EndProject
Project("{FAE04EC0-301F-11D3-BF4B-00C04F79EFBC}") = "VoiceSDK.Editor", "VoiceSDK.Editor.csproj", "{CF270C76-5770-4CC8-E403-7B605B78D07B}"
EndProject
Project("{FAE04EC0-301F-11D3-BF4B-00C04F79EFBC}") = "Meta.WitAI.Lib.Editor", "Meta.WitAI.Lib.Editor.csproj", "{5A785669-558B-A9EA-619A-4FB68AD64C0E}"
EndProject
Project("{FAE04EC0-301F-11D3-BF4B-00C04F79EFBC}") = "Oculus.Spatializer.Editor", "Oculus.Spatializer.Editor.csproj", "{84CE5EAA-D2D9-9BF7-543B-1F94CE0A94FE}"
EndProject
Project("{FAE04EC0-301F-11D3-BF4B-00C04F79EFBC}") = "AssistantCoreSDKRuntime", "AssistantCoreSDKRuntime.csproj", "{DBAF6DE0-FDB4-389D-5E89-54C59C1D2FAE}"
EndProject
Project("{FAE04EC0-301F-11D3-BF4B-00C04F79EFBC}") = "Oculus.AudioManager", "Oculus.AudioManager.csproj", "{5F94A4E8-1E87-8D1C-E3CC-B5F25FB3C3DB}"
EndProject
Project("{FAE04EC0-301F-11D3-BF4B-00C04F79EFBC}") = "VoiceSDK.Runtime", "VoiceSDK.Runtime.csproj", "{2C78C16C-3AB4-5244-CCFD-21C07076E62A}"
EndProject
Project("{FAE04EC0-301F-11D3-BF4B-00C04F79EFBC}") = "Facebook.Wit.Dictation", "Facebook.Wit.Dictation.csproj", "{5A7F5804-2676-6819-B268-313424C9F3F0}"
EndProject
Project("{FAE04EC0-301F-11D3-BF4B-00C04F79EFBC}") = "Meta.Voice.Samples.BuiltInTimer", "Meta.Voice.Samples.BuiltInTimer.csproj", "{19DB62C4-4A69-CF3F-C0FD-28CE31DB0E18}"
EndProject
Project("{FAE04EC0-301F-11D3-BF4B-00C04F79EFBC}") = "Oculus.Platform.Editor", "Oculus.Platform.Editor.csproj", "{42001EF9-B71B-3F8E-5367-6FAB675BE2E3}"
EndProject
Project("{FAE04EC0-301F-11D3-BF4B-00C04F79EFBC}") = "Meta.XR.BuildingBlocks.Editor", "Meta.XR.BuildingBlocks.Editor.csproj", "{27093756-A66C-C9E0-C554-0FD956409EE8}"
EndProject
Project("{FAE04EC0-301F-11D3-BF4B-00C04F79EFBC}") = "Meta.Voice.Samples.TTSVoices", "Meta.Voice.Samples.TTSVoices.csproj", "{B2D1A74F-7561-A890-2D9B-28436FF25D25}"
EndProject
Project("{FAE04EC0-301F-11D3-BF4B-00C04F79EFBC}") = "Meta.Voice.VSDKHub.Editor", "Meta.Voice.VSDKHub.Editor.csproj", "{C7D69F4E-A8D5-8E6A-0BB0-92EDF004287C}"
EndProject
Project("{FAE04EC0-301F-11D3-BF4B-00C04F79EFBC}") = "Meta.WitAi.TTS", "Meta.WitAi.TTS.csproj", "{2D9AD762-3054-59E6-7A2B-213BEC04E6E9}"
EndProject
Project("{FAE04EC0-301F-11D3-BF4B-00C04F79EFBC}") = "Oculus.AudioManager.Audio.Editor", "Oculus.AudioManager.Audio.Editor.csproj", "{B293EABE-57C5-918C-E9C3-88AFF440A489}"
EndProject
Project("{FAE04EC0-301F-11D3-BF4B-00C04F79EFBC}") = "Assembly-CSharp-Editor", "Assembly-CSharp-Editor.csproj", "{E37AEB47-7827-923D-6423-E723586930DE}"
EndProject
Project("{FAE04EC0-301F-11D3-BF4B-00C04F79EFBC}") = "Meta.Voice.Samples.Chess", "Meta.Voice.Samples.Chess.csproj", "{C1F3D3E5-165F-B40E-020C-C75C98A7C4A9}"
EndProject
Project("{FAE04EC0-301F-11D3-BF4B-00C04F79EFBC}") = "Oculus.VR.Scripts.Editor", "Oculus.VR.Scripts.Editor.csproj", "{EC722986-550D-0614-8683-9CE619916514}"
EndProject
Project("{FAE04EC0-301F-11D3-BF4B-00C04F79EFBC}") = "Meta.Voice.Samples.LightTraits", "Meta.Voice.Samples.LightTraits.csproj", "{F136F53A-AC31-00FF-9658-6E99BD9E3871}"
EndProject
Project("{FAE04EC0-301F-11D3-BF4B-00C04F79EFBC}") = "Meta.Voice.Samples.Dictation", "Meta.Voice.Samples.Dictation.csproj", "{BB587A71-9DEE-3FE7-24E6-9F1D58B0F90D}"
EndProject
Project("{FAE04EC0-301F-11D3-BF4B-00C04F79EFBC}") = "Meta.Voice.Samples.Shapes", "Meta.Voice.Samples.Shapes.csproj", "{1C57CE70-62C4-84E4-34D6-9B48C82ABACA}"
EndProject
Project("{FAE04EC0-301F-11D3-BF4B-00C04F79EFBC}") = "Oculus.Interaction.Samples.Editor", "Oculus.Interaction.Samples.Editor.csproj", "{EE07508F-E2AC-EDE4-5990-2D247EBC32F0}"
EndProject
Project("{FAE04EC0-301F-11D3-BF4B-00C04F79EFBC}") = "Meta.WitAi.TTS.Editor", "Meta.WitAi.TTS.Editor.csproj", "{23F888A8-2EF9-436B-EDCE-F4D125BBF871}"
EndProject
Project("{FAE04EC0-301F-11D3-BF4B-00C04F79EFBC}") = "Meta.XR.BuildingBlocks", "Meta.XR.BuildingBlocks.csproj", "{251984EE-6E4A-455B-50CE-BC4E35DE0695}"
EndProject
Project("{FAE04EC0-301F-11D3-BF4B-00C04F79EFBC}") = "Oculus.Spatializer", "Oculus.Spatializer.csproj", "{68964BA6-7373-A529-B624-B1EEB5738A90}"
EndProject
Project("{FAE04EC0-301F-11D3-BF4B-00C04F79EFBC}") = "Oculus.LipSync.Editor", "Oculus.LipSync.Editor.csproj", "{92D7534C-3538-74FE-64A7-D0F4CED018DF}"
EndProject
Project("{FAE04EC0-301F-11D3-BF4B-00C04F79EFBC}") = "Oculus.AudioManager.Utils.Editor", "Oculus.AudioManager.Utils.Editor.csproj", "{353B311A-B893-B4D8-86BD-D062A67DCF59}"
EndProject
Project("{FAE04EC0-301F-11D3-BF4B-00C04F79EFBC}") = "Meta.VoiceSDK.Mic.Common", "Meta.VoiceSDK.Mic.Common.csproj", "{BD9F9CB1-C2B4-AFA3-04D9-6F1A347714E2}"
EndProject
Project("{FAE04EC0-301F-11D3-BF4B-00C04F79EFBC}") = "VoiceSDK.Dictation.Editor", "VoiceSDK.Dictation.Editor.csproj", "{44DC88B5-A9CF-5AB9-8E01-44896B78E500}"
EndProject
Project("{FAE04EC0-301F-11D3-BF4B-00C04F79EFBC}") = "Meta.VoiceSDK.Mic.Other", "Meta.VoiceSDK.Mic.Other.csproj", "{09180B97-3784-8638-9ADD-0DD98E040A1E}"
EndProject
Project("{FAE04EC0-301F-11D3-BF4B-00C04F79EFBC}") = "AssistantCoreSDKEditor", "AssistantCoreSDKEditor.csproj", "{B4CB63DC-26D1-F497-CF6B-882DFF4DA104}"
EndProject
Project("{FAE04EC0-301F-11D3-BF4B-00C04F79EFBC}") = "Oculus.Interaction.InterfaceSupport", "Oculus.Interaction.InterfaceSupport.csproj", "{3D308BEC-85F7-8FE3-32DA-0806288F1010}"
EndProject
Project("{FAE04EC0-301F-11D3-BF4B-00C04F79EFBC}") = "Meta.Voice.Samples.LiveUnderstanding", "Meta.Voice.Samples.LiveUnderstanding.csproj", "{7216F091-F7DC-E200-5750-F82A8A3D414B}"
EndProject
Project("{FAE04EC0-301F-11D3-BF4B-00C04F79EFBC}") = "Facebook.Wit.Dictation.Editor", "Facebook.Wit.Dictation.Editor.csproj", "{1421E4F0-6885-231C-7CB1-8C141AF98AEC}"
EndProject
Project("{FAE04EC0-301F-11D3-BF4B-00C04F79EFBC}") = "Meta.VoiceSDK.Mic.WebGL", "Meta.VoiceSDK.Mic.WebGL.csproj", "{1239C2AE-F159-7AA7-0C5C-1F6E28117E9C}"
EndProject
Global
	GlobalSection(SolutionConfigurationPlatforms) = preSolution
		Debug|Any CPU = Debug|Any CPU
		Release|Any CPU = Release|Any CPU
	EndGlobalSection
	GlobalSection(ProjectConfigurationPlatforms) = postSolution
		{75BF94CC-A8CF-1BB5-C27D-A4C25506C3C0}.Debug|Any CPU.ActiveCfg = Debug|Any CPU
		{75BF94CC-A8CF-1BB5-C27D-A4C25506C3C0}.Debug|Any CPU.Build.0 = Debug|Any CPU
		{75BF94CC-A8CF-1BB5-C27D-A4C25506C3C0}.Release|Any CPU.ActiveCfg = Release|Any CPU
		{75BF94CC-A8CF-1BB5-C27D-A4C25506C3C0}.Release|Any CPU.Build.0 = Release|Any CPU
		{D97FC418-1A64-1299-2B29-DE6BD13350F3}.Debug|Any CPU.ActiveCfg = Debug|Any CPU
		{D97FC418-1A64-1299-2B29-DE6BD13350F3}.Debug|Any CPU.Build.0 = Debug|Any CPU
		{D97FC418-1A64-1299-2B29-DE6BD13350F3}.Release|Any CPU.ActiveCfg = Release|Any CPU
		{D97FC418-1A64-1299-2B29-DE6BD13350F3}.Release|Any CPU.Build.0 = Release|Any CPU
		{41335531-FC26-8469-818D-B7354200C27C}.Debug|Any CPU.ActiveCfg = Debug|Any CPU
		{41335531-FC26-8469-818D-B7354200C27C}.Debug|Any CPU.Build.0 = Debug|Any CPU
		{41335531-FC26-8469-818D-B7354200C27C}.Release|Any CPU.ActiveCfg = Release|Any CPU
		{41335531-FC26-8469-818D-B7354200C27C}.Release|Any CPU.Build.0 = Release|Any CPU
		{5FC80317-2E75-CF48-3A22-9460385F48A8}.Debug|Any CPU.ActiveCfg = Debug|Any CPU
		{5FC80317-2E75-CF48-3A22-9460385F48A8}.Debug|Any CPU.Build.0 = Debug|Any CPU
		{5FC80317-2E75-CF48-3A22-9460385F48A8}.Release|Any CPU.ActiveCfg = Release|Any CPU
		{5FC80317-2E75-CF48-3A22-9460385F48A8}.Release|Any CPU.Build.0 = Release|Any CPU
		{58397F09-1EF8-10DC-83EB-1296A8EE49C5}.Debug|Any CPU.ActiveCfg = Debug|Any CPU
		{58397F09-1EF8-10DC-83EB-1296A8EE49C5}.Debug|Any CPU.Build.0 = Debug|Any CPU
		{58397F09-1EF8-10DC-83EB-1296A8EE49C5}.Release|Any CPU.ActiveCfg = Release|Any CPU
		{58397F09-1EF8-10DC-83EB-1296A8EE49C5}.Release|Any CPU.Build.0 = Release|Any CPU
		{0CE144A0-E6FA-7DD2-BEBA-678B80957DAE}.Debug|Any CPU.ActiveCfg = Debug|Any CPU
		{0CE144A0-E6FA-7DD2-BEBA-678B80957DAE}.Debug|Any CPU.Build.0 = Debug|Any CPU
		{0CE144A0-E6FA-7DD2-BEBA-678B80957DAE}.Release|Any CPU.ActiveCfg = Release|Any CPU
		{0CE144A0-E6FA-7DD2-BEBA-678B80957DAE}.Release|Any CPU.Build.0 = Release|Any CPU
		{CD2FA792-0190-5135-C47D-AD40F81F303C}.Debug|Any CPU.ActiveCfg = Debug|Any CPU
		{CD2FA792-0190-5135-C47D-AD40F81F303C}.Debug|Any CPU.Build.0 = Debug|Any CPU
		{CD2FA792-0190-5135-C47D-AD40F81F303C}.Release|Any CPU.ActiveCfg = Release|Any CPU
		{CD2FA792-0190-5135-C47D-AD40F81F303C}.Release|Any CPU.Build.0 = Release|Any CPU
		{9F98ABB7-1E03-0368-86F6-F0C83C39BC3F}.Debug|Any CPU.ActiveCfg = Debug|Any CPU
		{9F98ABB7-1E03-0368-86F6-F0C83C39BC3F}.Debug|Any CPU.Build.0 = Debug|Any CPU
		{9F98ABB7-1E03-0368-86F6-F0C83C39BC3F}.Release|Any CPU.ActiveCfg = Release|Any CPU
		{9F98ABB7-1E03-0368-86F6-F0C83C39BC3F}.Release|Any CPU.Build.0 = Release|Any CPU
		{40CFB3CC-B161-0DDA-7A9C-930E7E6EA138}.Debug|Any CPU.ActiveCfg = Debug|Any CPU
		{40CFB3CC-B161-0DDA-7A9C-930E7E6EA138}.Debug|Any CPU.Build.0 = Debug|Any CPU
		{40CFB3CC-B161-0DDA-7A9C-930E7E6EA138}.Release|Any CPU.ActiveCfg = Release|Any CPU
		{40CFB3CC-B161-0DDA-7A9C-930E7E6EA138}.Release|Any CPU.Build.0 = Release|Any CPU
		{EF3EC7D6-2741-551F-A735-9E9161C32633}.Debug|Any CPU.ActiveCfg = Debug|Any CPU
		{EF3EC7D6-2741-551F-A735-9E9161C32633}.Debug|Any CPU.Build.0 = Debug|Any CPU
		{EF3EC7D6-2741-551F-A735-9E9161C32633}.Release|Any CPU.ActiveCfg = Release|Any CPU
		{EF3EC7D6-2741-551F-A735-9E9161C32633}.Release|Any CPU.Build.0 = Release|Any CPU
		{95D64E1E-F238-94DF-4AB3-31BA003DC86B}.Debug|Any CPU.ActiveCfg = Debug|Any CPU
		{95D64E1E-F238-94DF-4AB3-31BA003DC86B}.Debug|Any CPU.Build.0 = Debug|Any CPU
		{95D64E1E-F238-94DF-4AB3-31BA003DC86B}.Release|Any CPU.ActiveCfg = Release|Any CPU
		{95D64E1E-F238-94DF-4AB3-31BA003DC86B}.Release|Any CPU.Build.0 = Release|Any CPU
		{4D61FE2F-5786-ADD0-AE63-E94DE36F10B2}.Debug|Any CPU.ActiveCfg = Debug|Any CPU
		{4D61FE2F-5786-ADD0-AE63-E94DE36F10B2}.Debug|Any CPU.Build.0 = Debug|Any CPU
		{4D61FE2F-5786-ADD0-AE63-E94DE36F10B2}.Release|Any CPU.ActiveCfg = Release|Any CPU
		{4D61FE2F-5786-ADD0-AE63-E94DE36F10B2}.Release|Any CPU.Build.0 = Release|Any CPU
		{34AF5361-A7FA-BAE4-E963-7C2A666DE6DB}.Debug|Any CPU.ActiveCfg = Debug|Any CPU
		{34AF5361-A7FA-BAE4-E963-7C2A666DE6DB}.Debug|Any CPU.Build.0 = Debug|Any CPU
		{34AF5361-A7FA-BAE4-E963-7C2A666DE6DB}.Release|Any CPU.ActiveCfg = Release|Any CPU
		{34AF5361-A7FA-BAE4-E963-7C2A666DE6DB}.Release|Any CPU.Build.0 = Release|Any CPU
		{C7BBDA78-E02F-F378-3031-8D52E46C28BA}.Debug|Any CPU.ActiveCfg = Debug|Any CPU
		{C7BBDA78-E02F-F378-3031-8D52E46C28BA}.Debug|Any CPU.Build.0 = Debug|Any CPU
		{C7BBDA78-E02F-F378-3031-8D52E46C28BA}.Release|Any CPU.ActiveCfg = Release|Any CPU
		{C7BBDA78-E02F-F378-3031-8D52E46C28BA}.Release|Any CPU.Build.0 = Release|Any CPU
		{245D3A5E-1549-58BF-1AAE-58D5E35D1F06}.Debug|Any CPU.ActiveCfg = Debug|Any CPU
		{245D3A5E-1549-58BF-1AAE-58D5E35D1F06}.Debug|Any CPU.Build.0 = Debug|Any CPU
		{245D3A5E-1549-58BF-1AAE-58D5E35D1F06}.Release|Any CPU.ActiveCfg = Release|Any CPU
		{245D3A5E-1549-58BF-1AAE-58D5E35D1F06}.Release|Any CPU.Build.0 = Release|Any CPU
		{D25E976C-B345-0BE0-455E-49EEB66A18E1}.Debug|Any CPU.ActiveCfg = Debug|Any CPU
		{D25E976C-B345-0BE0-455E-49EEB66A18E1}.Debug|Any CPU.Build.0 = Debug|Any CPU
		{D25E976C-B345-0BE0-455E-49EEB66A18E1}.Release|Any CPU.ActiveCfg = Release|Any CPU
		{D25E976C-B345-0BE0-455E-49EEB66A18E1}.Release|Any CPU.Build.0 = Release|Any CPU
		{BD6D2250-01B1-6632-A90A-36F229E3EC78}.Debug|Any CPU.ActiveCfg = Debug|Any CPU
		{BD6D2250-01B1-6632-A90A-36F229E3EC78}.Debug|Any CPU.Build.0 = Debug|Any CPU
		{BD6D2250-01B1-6632-A90A-36F229E3EC78}.Release|Any CPU.ActiveCfg = Release|Any CPU
		{BD6D2250-01B1-6632-A90A-36F229E3EC78}.Release|Any CPU.Build.0 = Release|Any CPU
		{B090C80F-43B1-9AB5-C653-F02816C1C007}.Debug|Any CPU.ActiveCfg = Debug|Any CPU
		{B090C80F-43B1-9AB5-C653-F02816C1C007}.Debug|Any CPU.Build.0 = Debug|Any CPU
		{B090C80F-43B1-9AB5-C653-F02816C1C007}.Release|Any CPU.ActiveCfg = Release|Any CPU
		{B090C80F-43B1-9AB5-C653-F02816C1C007}.Release|Any CPU.Build.0 = Release|Any CPU
		{E6F4502C-B0B7-0B2B-556C-D311B9AC7C2D}.Debug|Any CPU.ActiveCfg = Debug|Any CPU
		{E6F4502C-B0B7-0B2B-556C-D311B9AC7C2D}.Debug|Any CPU.Build.0 = Debug|Any CPU
		{E6F4502C-B0B7-0B2B-556C-D311B9AC7C2D}.Release|Any CPU.ActiveCfg = Release|Any CPU
		{E6F4502C-B0B7-0B2B-556C-D311B9AC7C2D}.Release|Any CPU.Build.0 = Release|Any CPU
		{819D8637-6F01-AF80-3B21-47FE51CDAE7F}.Debug|Any CPU.ActiveCfg = Debug|Any CPU
		{819D8637-6F01-AF80-3B21-47FE51CDAE7F}.Debug|Any CPU.Build.0 = Debug|Any CPU
		{819D8637-6F01-AF80-3B21-47FE51CDAE7F}.Release|Any CPU.ActiveCfg = Release|Any CPU
		{819D8637-6F01-AF80-3B21-47FE51CDAE7F}.Release|Any CPU.Build.0 = Release|Any CPU
		{CF270C76-5770-4CC8-E403-7B605B78D07B}.Debug|Any CPU.ActiveCfg = Debug|Any CPU
		{CF270C76-5770-4CC8-E403-7B605B78D07B}.Debug|Any CPU.Build.0 = Debug|Any CPU
		{CF270C76-5770-4CC8-E403-7B605B78D07B}.Release|Any CPU.ActiveCfg = Release|Any CPU
		{CF270C76-5770-4CC8-E403-7B605B78D07B}.Release|Any CPU.Build.0 = Release|Any CPU
		{5A785669-558B-A9EA-619A-4FB68AD64C0E}.Debug|Any CPU.ActiveCfg = Debug|Any CPU
		{5A785669-558B-A9EA-619A-4FB68AD64C0E}.Debug|Any CPU.Build.0 = Debug|Any CPU
		{5A785669-558B-A9EA-619A-4FB68AD64C0E}.Release|Any CPU.ActiveCfg = Release|Any CPU
		{5A785669-558B-A9EA-619A-4FB68AD64C0E}.Release|Any CPU.Build.0 = Release|Any CPU
		{84CE5EAA-D2D9-9BF7-543B-1F94CE0A94FE}.Debug|Any CPU.ActiveCfg = Debug|Any CPU
		{84CE5EAA-D2D9-9BF7-543B-1F94CE0A94FE}.Debug|Any CPU.Build.0 = Debug|Any CPU
		{84CE5EAA-D2D9-9BF7-543B-1F94CE0A94FE}.Release|Any CPU.ActiveCfg = Release|Any CPU
		{84CE5EAA-D2D9-9BF7-543B-1F94CE0A94FE}.Release|Any CPU.Build.0 = Release|Any CPU
		{DBAF6DE0-FDB4-389D-5E89-54C59C1D2FAE}.Debug|Any CPU.ActiveCfg = Debug|Any CPU
		{DBAF6DE0-FDB4-389D-5E89-54C59C1D2FAE}.Debug|Any CPU.Build.0 = Debug|Any CPU
		{DBAF6DE0-FDB4-389D-5E89-54C59C1D2FAE}.Release|Any CPU.ActiveCfg = Release|Any CPU
		{DBAF6DE0-FDB4-389D-5E89-54C59C1D2FAE}.Release|Any CPU.Build.0 = Release|Any CPU
		{5F94A4E8-1E87-8D1C-E3CC-B5F25FB3C3DB}.Debug|Any CPU.ActiveCfg = Debug|Any CPU
		{5F94A4E8-1E87-8D1C-E3CC-B5F25FB3C3DB}.Debug|Any CPU.Build.0 = Debug|Any CPU
		{5F94A4E8-1E87-8D1C-E3CC-B5F25FB3C3DB}.Release|Any CPU.ActiveCfg = Release|Any CPU
		{5F94A4E8-1E87-8D1C-E3CC-B5F25FB3C3DB}.Release|Any CPU.Build.0 = Release|Any CPU
		{2C78C16C-3AB4-5244-CCFD-21C07076E62A}.Debug|Any CPU.ActiveCfg = Debug|Any CPU
		{2C78C16C-3AB4-5244-CCFD-21C07076E62A}.Debug|Any CPU.Build.0 = Debug|Any CPU
		{2C78C16C-3AB4-5244-CCFD-21C07076E62A}.Release|Any CPU.ActiveCfg = Release|Any CPU
		{2C78C16C-3AB4-5244-CCFD-21C07076E62A}.Release|Any CPU.Build.0 = Release|Any CPU
		{5A7F5804-2676-6819-B268-313424C9F3F0}.Debug|Any CPU.ActiveCfg = Debug|Any CPU
		{5A7F5804-2676-6819-B268-313424C9F3F0}.Debug|Any CPU.Build.0 = Debug|Any CPU
		{5A7F5804-2676-6819-B268-313424C9F3F0}.Release|Any CPU.ActiveCfg = Release|Any CPU
		{5A7F5804-2676-6819-B268-313424C9F3F0}.Release|Any CPU.Build.0 = Release|Any CPU
		{19DB62C4-4A69-CF3F-C0FD-28CE31DB0E18}.Debug|Any CPU.ActiveCfg = Debug|Any CPU
		{19DB62C4-4A69-CF3F-C0FD-28CE31DB0E18}.Debug|Any CPU.Build.0 = Debug|Any CPU
		{19DB62C4-4A69-CF3F-C0FD-28CE31DB0E18}.Release|Any CPU.ActiveCfg = Release|Any CPU
		{19DB62C4-4A69-CF3F-C0FD-28CE31DB0E18}.Release|Any CPU.Build.0 = Release|Any CPU
		{42001EF9-B71B-3F8E-5367-6FAB675BE2E3}.Debug|Any CPU.ActiveCfg = Debug|Any CPU
		{42001EF9-B71B-3F8E-5367-6FAB675BE2E3}.Debug|Any CPU.Build.0 = Debug|Any CPU
		{42001EF9-B71B-3F8E-5367-6FAB675BE2E3}.Release|Any CPU.ActiveCfg = Release|Any CPU
		{42001EF9-B71B-3F8E-5367-6FAB675BE2E3}.Release|Any CPU.Build.0 = Release|Any CPU
		{27093756-A66C-C9E0-C554-0FD956409EE8}.Debug|Any CPU.ActiveCfg = Debug|Any CPU
		{27093756-A66C-C9E0-C554-0FD956409EE8}.Debug|Any CPU.Build.0 = Debug|Any CPU
		{27093756-A66C-C9E0-C554-0FD956409EE8}.Release|Any CPU.ActiveCfg = Release|Any CPU
		{27093756-A66C-C9E0-C554-0FD956409EE8}.Release|Any CPU.Build.0 = Release|Any CPU
		{B2D1A74F-7561-A890-2D9B-28436FF25D25}.Debug|Any CPU.ActiveCfg = Debug|Any CPU
		{B2D1A74F-7561-A890-2D9B-28436FF25D25}.Debug|Any CPU.Build.0 = Debug|Any CPU
		{B2D1A74F-7561-A890-2D9B-28436FF25D25}.Release|Any CPU.ActiveCfg = Release|Any CPU
		{B2D1A74F-7561-A890-2D9B-28436FF25D25}.Release|Any CPU.Build.0 = Release|Any CPU
		{C7D69F4E-A8D5-8E6A-0BB0-92EDF004287C}.Debug|Any CPU.ActiveCfg = Debug|Any CPU
		{C7D69F4E-A8D5-8E6A-0BB0-92EDF004287C}.Debug|Any CPU.Build.0 = Debug|Any CPU
		{C7D69F4E-A8D5-8E6A-0BB0-92EDF004287C}.Release|Any CPU.ActiveCfg = Release|Any CPU
		{C7D69F4E-A8D5-8E6A-0BB0-92EDF004287C}.Release|Any CPU.Build.0 = Release|Any CPU
		{2D9AD762-3054-59E6-7A2B-213BEC04E6E9}.Debug|Any CPU.ActiveCfg = Debug|Any CPU
		{2D9AD762-3054-59E6-7A2B-213BEC04E6E9}.Debug|Any CPU.Build.0 = Debug|Any CPU
		{2D9AD762-3054-59E6-7A2B-213BEC04E6E9}.Release|Any CPU.ActiveCfg = Release|Any CPU
		{2D9AD762-3054-59E6-7A2B-213BEC04E6E9}.Release|Any CPU.Build.0 = Release|Any CPU
		{B293EABE-57C5-918C-E9C3-88AFF440A489}.Debug|Any CPU.ActiveCfg = Debug|Any CPU
		{B293EABE-57C5-918C-E9C3-88AFF440A489}.Debug|Any CPU.Build.0 = Debug|Any CPU
		{B293EABE-57C5-918C-E9C3-88AFF440A489}.Release|Any CPU.ActiveCfg = Release|Any CPU
		{B293EABE-57C5-918C-E9C3-88AFF440A489}.Release|Any CPU.Build.0 = Release|Any CPU
		{E37AEB47-7827-923D-6423-E723586930DE}.Debug|Any CPU.ActiveCfg = Debug|Any CPU
		{E37AEB47-7827-923D-6423-E723586930DE}.Debug|Any CPU.Build.0 = Debug|Any CPU
		{E37AEB47-7827-923D-6423-E723586930DE}.Release|Any CPU.ActiveCfg = Release|Any CPU
		{E37AEB47-7827-923D-6423-E723586930DE}.Release|Any CPU.Build.0 = Release|Any CPU
		{C1F3D3E5-165F-B40E-020C-C75C98A7C4A9}.Debug|Any CPU.ActiveCfg = Debug|Any CPU
		{C1F3D3E5-165F-B40E-020C-C75C98A7C4A9}.Debug|Any CPU.Build.0 = Debug|Any CPU
		{C1F3D3E5-165F-B40E-020C-C75C98A7C4A9}.Release|Any CPU.ActiveCfg = Release|Any CPU
		{C1F3D3E5-165F-B40E-020C-C75C98A7C4A9}.Release|Any CPU.Build.0 = Release|Any CPU
		{EC722986-550D-0614-8683-9CE619916514}.Debug|Any CPU.ActiveCfg = Debug|Any CPU
		{EC722986-550D-0614-8683-9CE619916514}.Debug|Any CPU.Build.0 = Debug|Any CPU
		{EC722986-550D-0614-8683-9CE619916514}.Release|Any CPU.ActiveCfg = Release|Any CPU
		{EC722986-550D-0614-8683-9CE619916514}.Release|Any CPU.Build.0 = Release|Any CPU
		{F136F53A-AC31-00FF-9658-6E99BD9E3871}.Debug|Any CPU.ActiveCfg = Debug|Any CPU
		{F136F53A-AC31-00FF-9658-6E99BD9E3871}.Debug|Any CPU.Build.0 = Debug|Any CPU
		{F136F53A-AC31-00FF-9658-6E99BD9E3871}.Release|Any CPU.ActiveCfg = Release|Any CPU
		{F136F53A-AC31-00FF-9658-6E99BD9E3871}.Release|Any CPU.Build.0 = Release|Any CPU
		{BB587A71-9DEE-3FE7-24E6-9F1D58B0F90D}.Debug|Any CPU.ActiveCfg = Debug|Any CPU
		{BB587A71-9DEE-3FE7-24E6-9F1D58B0F90D}.Debug|Any CPU.Build.0 = Debug|Any CPU
		{BB587A71-9DEE-3FE7-24E6-9F1D58B0F90D}.Release|Any CPU.ActiveCfg = Release|Any CPU
		{BB587A71-9DEE-3FE7-24E6-9F1D58B0F90D}.Release|Any CPU.Build.0 = Release|Any CPU
		{1C57CE70-62C4-84E4-34D6-9B48C82ABACA}.Debug|Any CPU.ActiveCfg = Debug|Any CPU
		{1C57CE70-62C4-84E4-34D6-9B48C82ABACA}.Debug|Any CPU.Build.0 = Debug|Any CPU
		{1C57CE70-62C4-84E4-34D6-9B48C82ABACA}.Release|Any CPU.ActiveCfg = Release|Any CPU
		{1C57CE70-62C4-84E4-34D6-9B48C82ABACA}.Release|Any CPU.Build.0 = Release|Any CPU
		{EE07508F-E2AC-EDE4-5990-2D247EBC32F0}.Debug|Any CPU.ActiveCfg = Debug|Any CPU
		{EE07508F-E2AC-EDE4-5990-2D247EBC32F0}.Debug|Any CPU.Build.0 = Debug|Any CPU
		{EE07508F-E2AC-EDE4-5990-2D247EBC32F0}.Release|Any CPU.ActiveCfg = Release|Any CPU
		{EE07508F-E2AC-EDE4-5990-2D247EBC32F0}.Release|Any CPU.Build.0 = Release|Any CPU
		{23F888A8-2EF9-436B-EDCE-F4D125BBF871}.Debug|Any CPU.ActiveCfg = Debug|Any CPU
		{23F888A8-2EF9-436B-EDCE-F4D125BBF871}.Debug|Any CPU.Build.0 = Debug|Any CPU
		{23F888A8-2EF9-436B-EDCE-F4D125BBF871}.Release|Any CPU.ActiveCfg = Release|Any CPU
		{23F888A8-2EF9-436B-EDCE-F4D125BBF871}.Release|Any CPU.Build.0 = Release|Any CPU
		{251984EE-6E4A-455B-50CE-BC4E35DE0695}.Debug|Any CPU.ActiveCfg = Debug|Any CPU
		{251984EE-6E4A-455B-50CE-BC4E35DE0695}.Debug|Any CPU.Build.0 = Debug|Any CPU
		{251984EE-6E4A-455B-50CE-BC4E35DE0695}.Release|Any CPU.ActiveCfg = Release|Any CPU
		{251984EE-6E4A-455B-50CE-BC4E35DE0695}.Release|Any CPU.Build.0 = Release|Any CPU
		{68964BA6-7373-A529-B624-B1EEB5738A90}.Debug|Any CPU.ActiveCfg = Debug|Any CPU
		{68964BA6-7373-A529-B624-B1EEB5738A90}.Debug|Any CPU.Build.0 = Debug|Any CPU
		{68964BA6-7373-A529-B624-B1EEB5738A90}.Release|Any CPU.ActiveCfg = Release|Any CPU
		{68964BA6-7373-A529-B624-B1EEB5738A90}.Release|Any CPU.Build.0 = Release|Any CPU
		{92D7534C-3538-74FE-64A7-D0F4CED018DF}.Debug|Any CPU.ActiveCfg = Debug|Any CPU
		{92D7534C-3538-74FE-64A7-D0F4CED018DF}.Debug|Any CPU.Build.0 = Debug|Any CPU
		{92D7534C-3538-74FE-64A7-D0F4CED018DF}.Release|Any CPU.ActiveCfg = Release|Any CPU
		{92D7534C-3538-74FE-64A7-D0F4CED018DF}.Release|Any CPU.Build.0 = Release|Any CPU
		{353B311A-B893-B4D8-86BD-D062A67DCF59}.Debug|Any CPU.ActiveCfg = Debug|Any CPU
		{353B311A-B893-B4D8-86BD-D062A67DCF59}.Debug|Any CPU.Build.0 = Debug|Any CPU
		{353B311A-B893-B4D8-86BD-D062A67DCF59}.Release|Any CPU.ActiveCfg = Release|Any CPU
		{353B311A-B893-B4D8-86BD-D062A67DCF59}.Release|Any CPU.Build.0 = Release|Any CPU
		{BD9F9CB1-C2B4-AFA3-04D9-6F1A347714E2}.Debug|Any CPU.ActiveCfg = Debug|Any CPU
		{BD9F9CB1-C2B4-AFA3-04D9-6F1A347714E2}.Debug|Any CPU.Build.0 = Debug|Any CPU
		{BD9F9CB1-C2B4-AFA3-04D9-6F1A347714E2}.Release|Any CPU.ActiveCfg = Release|Any CPU
		{BD9F9CB1-C2B4-AFA3-04D9-6F1A347714E2}.Release|Any CPU.Build.0 = Release|Any CPU
		{44DC88B5-A9CF-5AB9-8E01-44896B78E500}.Debug|Any CPU.ActiveCfg = Debug|Any CPU
		{44DC88B5-A9CF-5AB9-8E01-44896B78E500}.Debug|Any CPU.Build.0 = Debug|Any CPU
		{44DC88B5-A9CF-5AB9-8E01-44896B78E500}.Release|Any CPU.ActiveCfg = Release|Any CPU
		{44DC88B5-A9CF-5AB9-8E01-44896B78E500}.Release|Any CPU.Build.0 = Release|Any CPU
		{09180B97-3784-8638-9ADD-0DD98E040A1E}.Debug|Any CPU.ActiveCfg = Debug|Any CPU
		{09180B97-3784-8638-9ADD-0DD98E040A1E}.Debug|Any CPU.Build.0 = Debug|Any CPU
		{09180B97-3784-8638-9ADD-0DD98E040A1E}.Release|Any CPU.ActiveCfg = Release|Any CPU
		{09180B97-3784-8638-9ADD-0DD98E040A1E}.Release|Any CPU.Build.0 = Release|Any CPU
		{B4CB63DC-26D1-F497-CF6B-882DFF4DA104}.Debug|Any CPU.ActiveCfg = Debug|Any CPU
		{B4CB63DC-26D1-F497-CF6B-882DFF4DA104}.Debug|Any CPU.Build.0 = Debug|Any CPU
		{B4CB63DC-26D1-F497-CF6B-882DFF4DA104}.Release|Any CPU.ActiveCfg = Release|Any CPU
		{B4CB63DC-26D1-F497-CF6B-882DFF4DA104}.Release|Any CPU.Build.0 = Release|Any CPU
		{3D308BEC-85F7-8FE3-32DA-0806288F1010}.Debug|Any CPU.ActiveCfg = Debug|Any CPU
		{3D308BEC-85F7-8FE3-32DA-0806288F1010}.Debug|Any CPU.Build.0 = Debug|Any CPU
		{3D308BEC-85F7-8FE3-32DA-0806288F1010}.Release|Any CPU.ActiveCfg = Release|Any CPU
		{3D308BEC-85F7-8FE3-32DA-0806288F1010}.Release|Any CPU.Build.0 = Release|Any CPU
		{7216F091-F7DC-E200-5750-F82A8A3D414B}.Debug|Any CPU.ActiveCfg = Debug|Any CPU
		{7216F091-F7DC-E200-5750-F82A8A3D414B}.Debug|Any CPU.Build.0 = Debug|Any CPU
		{7216F091-F7DC-E200-5750-F82A8A3D414B}.Release|Any CPU.ActiveCfg = Release|Any CPU
		{7216F091-F7DC-E200-5750-F82A8A3D414B}.Release|Any CPU.Build.0 = Release|Any CPU
		{1421E4F0-6885-231C-7CB1-8C141AF98AEC}.Debug|Any CPU.ActiveCfg = Debug|Any CPU
		{1421E4F0-6885-231C-7CB1-8C141AF98AEC}.Debug|Any CPU.Build.0 = Debug|Any CPU
		{1421E4F0-6885-231C-7CB1-8C141AF98AEC}.Release|Any CPU.ActiveCfg = Release|Any CPU
		{1421E4F0-6885-231C-7CB1-8C141AF98AEC}.Release|Any CPU.Build.0 = Release|Any CPU
		{1239C2AE-F159-7AA7-0C5C-1F6E28117E9C}.Debug|Any CPU.ActiveCfg = Debug|Any CPU
		{1239C2AE-F159-7AA7-0C5C-1F6E28117E9C}.Debug|Any CPU.Build.0 = Debug|Any CPU
		{1239C2AE-F159-7AA7-0C5C-1F6E28117E9C}.Release|Any CPU.ActiveCfg = Release|Any CPU
		{1239C2AE-F159-7AA7-0C5C-1F6E28117E9C}.Release|Any CPU.Build.0 = Release|Any CPU
	EndGlobalSection
	GlobalSection(SolutionProperties) = preSolution
		HideSolutionNode = FALSE
	EndGlobalSection
EndGlobal
